{
  "nodes": {
    "grub2-themes": {
      "inputs": {
        "nixpkgs": "nixpkgs"
      },
      "locked": {
        "lastModified": 1757136219,
        "narHash": "sha256-tKU+vq34KHu/A2wD7WdgP5A4/RCmSD8hB0TyQAUlixA=",
        "owner": "vinceliuice",
        "repo": "grub2-themes",
        "rev": "80dd04ddf3ba7b284a7b1a5df2b1e95ee2aad606",
        "type": "github"
      },
      "original": {
        "owner": "vinceliuice",
        "repo": "grub2-themes",
        "type": "github"
      }
    },
    "nixpkgs": {
      "locked": {
        "lastModified": 1760426782,
        "narHash": "sha256-V62hu7fUAYkY47GtBJ24z1NH9RchaaULtqH/+RtMQ3I=",
        "owner": "NixOS",
        "repo": "nixpkgs",
        "rev": "6fe1b9adfeda8f979bb9aa14d0fad6ced2bd8877",
        "type": "github"
      },
      "original": {
        "owner": "NixOS",
        "ref": "master",
        "repo": "nixpkgs",
        "type": "github"
      }
    },
    "nixpkgs_2": {
      "locked": {
        "lastModified": 1760139962,
        "narHash": "sha256-4xggC56Rub3WInz5eD7EZWXuLXpNvJiUPahGtMkwtuc=",
        "owner": "nixos",
        "repo": "nixpkgs",
        "rev": "7e297ddff44a3cc93673bb38d0374df8d0ad73e4",
        "type": "github"
      },
      "original": {
        "owner": "nixos",
        "ref": "nixos-25.05",
        "repo": "nixpkgs",
        "type": "github"
      }
    },
    "root": {
      "inputs": {
        "grub2-themes": "grub2-themes",
        "nixpkgs": "nixpkgs_2"
      }
    }
  },
  "root": "root",
  "version": 7
}
